
Microsoft Visual Studio Solution File, Format Version 12.00
# Visual Studio Version 16
VisualStudioVersion = 16.0.30804.86
MinimumVisualStudioVersion = 10.0.40219.1
Project("{FAE04EC0-301F-11D3-BF4B-00C04F79EFBC}") = "AssetTypeHashHeaderFixer", "AssetTypeHashHeaderFixer.csproj", "{258090AF-140B-4000-9CE2-B59C3CB9E822}"
EndProject
Global
	GlobalSection(SolutionConfigurationPlatforms) = preSolution
		Debug|Any CPU = Debug|Any CPU
		Release|Any CPU = Release|Any CPU
	EndGlobalSection
	GlobalSection(ProjectConfigurationPlatforms) = postSolution
		{258090AF-140B-4000-9CE2-B59C3CB9E822}.Debug|Any CPU.ActiveCfg = Debug|Any CPU
		{258090AF-140B-4000-9CE2-B59C3CB9E822}.Debug|Any CPU.Build.0 = Debug|Any CPU
		{258090AF-140B-4000-9CE2-B59C3CB9E822}.Release|Any CPU.ActiveCfg = Release|Any CPU
		{258090AF-140B-4000-9CE2-B59C3CB9E822}.Release|Any CPU.Build.0 = Release|Any CPU
	EndGlobalSection
	GlobalSection(SolutionProperties) = preSolution
		HideSolutionNode = FALSE
	EndGlobalSection
	GlobalSection(ExtensibilityGlobals) = postSolution
		SolutionGuid = {8AD82258-8F50-43B4-B412-6417CA2B575A}
	EndGlobalSection
EndGlobal
